
Microsoft Visual Studio Solution File, Format Version 12.00
# Visual Studio Version 17
VisualStudioVersion = 17.4.33122.133
MinimumVisualStudioVersion = 10.0.40219.1
Project("{FAE04EC0-301F-11D3-BF4B-00C04F79EFBC}") = "Probe6_1", "Probe6_1.csproj", "{EA853963-37B1-46C0-BF95-8AB1FCADB76A}"
EndProject
Global
	GlobalSection(SolutionConfigurationPlatforms) = preSolution
		Debug|Any CPU = Debug|Any CPU
		Release|Any CPU = Release|Any CPU
	EndGlobalSection
	GlobalSection(ProjectConfigurationPlatforms) = postSolution
		{EA853963-37B1-46C0-BF95-8AB1FCADB76A}.Debug|Any CPU.ActiveCfg = Debug|Any CPU
		{EA853963-37B1-46C0-BF95-8AB1FCADB76A}.Debug|Any CPU.Build.0 = Debug|Any CPU
		{EA853963-37B1-46C0-BF95-8AB1FCADB76A}.Release|Any CPU.ActiveCfg = Release|Any CPU
		{EA853963-37B1-46C0-BF95-8AB1FCADB76A}.Release|Any CPU.Build.0 = Release|Any CPU
	EndGlobalSection
	GlobalSection(SolutionProperties) = preSolution
		HideSolutionNode = FALSE
	EndGlobalSection
	GlobalSection(ExtensibilityGlobals) = postSolution
		SolutionGuid = {184F9A22-AF42-4B36-B92F-E6F752093FFE}
	EndGlobalSection
EndGlobal
